{
    "_readme": [
        "This file locks the dependencies of your project to a known state",
        "Read more about it at https://getcomposer.org/doc/01-basic-usage.md#installing-dependencies",
        "This file is @generated automatically"
    ],
    "content-hash": "356dffc211c6da9e9918fe1ef61044db",
    "packages": [
        {
            "name": "cooldogedev/spectral-php",
            "version": "0.0.2",
            "source": {
                "type": "git",
                "url": "https://github.com/cooldogedev/spectral-php.git",
                "reference": "a8b4ed29e74396e60832b3431e055ed770673f96"
            },
            "dist": {
                "type": "zip",
                "url": "https://api.github.com/repos/cooldogedev/spectral-php/zipball/a8b4ed29e74396e60832b3431e055ed770673f96",
                "reference": "a8b4ed29e74396e60832b3431e055ed770673f96",
                "shasum": ""
            },
            "require": {
                "ext-encoding": "*",
                "ext-sockets": "*"
            },
            "type": "library",
            "autoload": {
                "psr-4": {
                    "cooldogedev\\spectral\\": "src/"
                }
            },
            "notification-url": "https://packagist.org/downloads/",
            "license": [
                "MIT"
            ],
            "authors": [
                {
                    "name": "Doge",
                    "email": "cooldogedev@gmail.com"
                }
            ],
            "support": {
                "issues": "https://github.com/cooldogedev/spectral-php/issues",
                "source": "https://github.com/cooldogedev/spectral-php/tree/v0.0.2"
            },
            "time": "2024-10-03T05:27:20+00:00"
        }
    ],
    "packages-dev": [],
    "aliases": [],
    "minimum-stability": "dev",
    "stability-flags": [],
    "prefer-stable": false,
    "prefer-lowest": false,
    "platform": {
        "ext-sockets": "*",
        "ext-pmmpthread": "*",
        "ext-snappy": "*",
        "ext-encoding": "*"
    },
    "platform-dev": [],
    "plugin-api-version": "2.6.0"
}
