{
    "_readme": [
        "This file locks the dependencies of your project to a known state",
        "Read more about it at https://getcomposer.org/doc/01-basic-usage.md#installing-dependencies",
        "This file is @generated automatically"
    ],
    "content-hash": "e9e9f2c0e8b22f9f87990ea55e50de24",
    "packages": [],
    "packages-dev": [],
    "aliases": [],
    "minimum-stability": "stable",
    "stability-flags": [],
    "prefer-stable": false,
    "prefer-lowest": false,
    "platform": {
        "ext-sockets": "*",
        "ext-pmmpthread": "*",
        "ext-libdeflate": "*",
        "ext-snappy": "*"
    },
    "platform-dev": [],
    "plugin-api-version": "2.6.0"
}
