{
    "_readme": [
        "This file locks the dependencies of your project to a known state",
        "Read more about it at https://getcomposer.org/doc/01-basic-usage.md#installing-dependencies",
        "This file is @generated automatically"
    ],
    "content-hash": "f08431cd2ff15f82cafa355a04ed3260",
    "packages": [
        {
            "name": "cooldogedev/spectral-php",
            "version": "dev-main",
            "source": {
                "type": "git",
                "url": "https://github.com/cooldogedev/spectral-php.git",
                "reference": "6bc43278f229f1454f02557e42b48860fa3f52e0"
            },
            "dist": {
                "type": "zip",
                "url": "https://api.github.com/repos/cooldogedev/spectral-php/zipball/6bc43278f229f1454f02557e42b48860fa3f52e0",
                "reference": "6bc43278f229f1454f02557e42b48860fa3f52e0",
                "shasum": ""
            },
            "require": {
                "ext-encoding": "*",
                "ext-sockets": "*"
            },
            "default-branch": true,
            "type": "library",
            "autoload": {
                "psr-4": {
                    "cooldogedev\\spectral\\": "src/"
                }
            },
            "notification-url": "https://packagist.org/downloads/",
            "license": [
                "MIT"
            ],
            "authors": [
                {
                    "name": "Doge",
                    "email": "cooldogedev@gmail.com"
                }
            ],
            "support": {
                "issues": "https://github.com/cooldogedev/spectral-php/issues",
                "source": "https://github.com/cooldogedev/spectral-php/tree/main"
            },
            "time": "2024-10-02T14:33:24+00:00"
        }
    ],
    "packages-dev": [],
    "aliases": [],
    "minimum-stability": "dev",
    "stability-flags": [],
    "prefer-stable": false,
    "prefer-lowest": false,
    "platform": {
        "ext-sockets": "*",
        "ext-pmmpthread": "*",
        "ext-snappy": "*",
        "ext-encoding": "*"
    },
    "platform-dev": [],
    "plugin-api-version": "2.6.0"
}
